
Microsoft Visual Studio Solution File, Format Version 12.00
# Visual Studio Version 17
VisualStudioVersion = 17.1.32407.343
MinimumVisualStudioVersion = 10.0.40219.1
Project("{FAE04EC0-301F-11D3-BF4B-00C04F79EFBC}") = "API-TPI", "API-TPI\API-TPI.csproj", "{96CFEA02-F9C2-4308-AABF-5D6FF14D5918}"
EndProject
Global
	GlobalSection(SolutionConfigurationPlatforms) = preSolution
		Debug|Any CPU = Debug|Any CPU
		Release|Any CPU = Release|Any CPU
	EndGlobalSection
	GlobalSection(ProjectConfigurationPlatforms) = postSolution
		{96CFEA02-F9C2-4308-AABF-5D6FF14D5918}.Debug|Any CPU.ActiveCfg = Debug|Any CPU
		{96CFEA02-F9C2-4308-AABF-5D6FF14D5918}.Debug|Any CPU.Build.0 = Debug|Any CPU
		{96CFEA02-F9C2-4308-AABF-5D6FF14D5918}.Release|Any CPU.ActiveCfg = Release|Any CPU
		{96CFEA02-F9C2-4308-AABF-5D6FF14D5918}.Release|Any CPU.Build.0 = Release|Any CPU
	EndGlobalSection
	GlobalSection(SolutionProperties) = preSolution
		HideSolutionNode = FALSE
	EndGlobalSection
	GlobalSection(ExtensibilityGlobals) = postSolution
		SolutionGuid = {CCC321AC-8DDA-4A11-87FA-A566983D4F09}
	EndGlobalSection
EndGlobal
